
Microsoft Visual Studio Solution File, Format Version 12.00
# Visual Studio Version 17
VisualStudioVersion = 17.5.33530.505
MinimumVisualStudioVersion = 10.0.40219.1
Project("{FAE04EC0-301F-11D3-BF4B-00C04F79EFBC}") = "projectCSharp", "projectCSharp.csproj", "{578B5286-C294-4DE3-90B4-F989AB63C718}"
EndProject
Global
	GlobalSection(SolutionConfigurationPlatforms) = preSolution
		Debug|Any CPU = Debug|Any CPU
		Release|Any CPU = Release|Any CPU
	EndGlobalSection
	GlobalSection(ProjectConfigurationPlatforms) = postSolution
		{578B5286-C294-4DE3-90B4-F989AB63C718}.Debug|Any CPU.ActiveCfg = Debug|Any CPU
		{578B5286-C294-4DE3-90B4-F989AB63C718}.Debug|Any CPU.Build.0 = Debug|Any CPU
		{578B5286-C294-4DE3-90B4-F989AB63C718}.Release|Any CPU.ActiveCfg = Release|Any CPU
		{578B5286-C294-4DE3-90B4-F989AB63C718}.Release|Any CPU.Build.0 = Release|Any CPU
	EndGlobalSection
	GlobalSection(SolutionProperties) = preSolution
		HideSolutionNode = FALSE
	EndGlobalSection
	GlobalSection(ExtensibilityGlobals) = postSolution
		SolutionGuid = {5BD56204-B495-45FB-9DFB-CA29258BD115}
	EndGlobalSection
EndGlobal
